
Microsoft Visual Studio Solution File, Format Version 12.00
# Visual Studio 15
VisualStudioVersion = 15.0.28010.2003
MinimumVisualStudioVersion = 10.0.40219.1
Project("{FAE04EC0-301F-11D3-BF4B-00C04F79EFBC}") = "ApiParser", "ApiParser\ApiParser.csproj", "{C44A87ED-94DD-4F5A-829A-F3D219F44541}"
EndProject
Global
	GlobalSection(SolutionConfigurationPlatforms) = preSolution
		Debug|Any CPU = Debug|Any CPU
		Release|Any CPU = Release|Any CPU
	EndGlobalSection
	GlobalSection(ProjectConfigurationPlatforms) = postSolution
		{C44A87ED-94DD-4F5A-829A-F3D219F44541}.Debug|Any CPU.ActiveCfg = Debug|Any CPU
		{C44A87ED-94DD-4F5A-829A-F3D219F44541}.Debug|Any CPU.Build.0 = Debug|Any CPU
		{C44A87ED-94DD-4F5A-829A-F3D219F44541}.Release|Any CPU.ActiveCfg = Release|Any CPU
		{C44A87ED-94DD-4F5A-829A-F3D219F44541}.Release|Any CPU.Build.0 = Release|Any CPU
	EndGlobalSection
	GlobalSection(SolutionProperties) = preSolution
		HideSolutionNode = FALSE
	EndGlobalSection
	GlobalSection(ExtensibilityGlobals) = postSolution
		SolutionGuid = {A231EB42-EFE3-4A3C-9746-7DD089FDB5DF}
	EndGlobalSection
EndGlobal
